
Microsoft Visual Studio Solution File, Format Version 12.00
# Visual Studio 14
VisualStudioVersion = 14.0.25123.0
MinimumVisualStudioVersion = 10.0.40219.1
Project("{FAE04EC0-301F-11D3-BF4B-00C04F79EFBC}") = "CQRS.Logic", "CQRS.Logic\CQRS.Logic.csproj", "{9CEF3F17-2101-4A7E-9EB4-0315674BE22A}"
EndProject
Project("{FAE04EC0-301F-11D3-BF4B-00C04F79EFBC}") = "CQRS.Common", "CQRS.Common\CQRS.Common.csproj", "{03A0EC23-3DFB-450E-A5CA-CD0E400BABDD}"
EndProject
Project("{FAE04EC0-301F-11D3-BF4B-00C04F79EFBC}") = "CQRS.Dtos", "CQRS.Dtos\CQRS.Dtos.csproj", "{9523C3D1-4343-4062-B447-0AC313F87346}"
EndProject
Global
	GlobalSection(SolutionConfigurationPlatforms) = preSolution
		Debug|Any CPU = Debug|Any CPU
		Release|Any CPU = Release|Any CPU
	EndGlobalSection
	GlobalSection(ProjectConfigurationPlatforms) = postSolution
		{9CEF3F17-2101-4A7E-9EB4-0315674BE22A}.Debug|Any CPU.ActiveCfg = Debug|Any CPU
		{9CEF3F17-2101-4A7E-9EB4-0315674BE22A}.Debug|Any CPU.Build.0 = Debug|Any CPU
		{9CEF3F17-2101-4A7E-9EB4-0315674BE22A}.Release|Any CPU.ActiveCfg = Release|Any CPU
		{9CEF3F17-2101-4A7E-9EB4-0315674BE22A}.Release|Any CPU.Build.0 = Release|Any CPU
		{03A0EC23-3DFB-450E-A5CA-CD0E400BABDD}.Debug|Any CPU.ActiveCfg = Debug|Any CPU
		{03A0EC23-3DFB-450E-A5CA-CD0E400BABDD}.Debug|Any CPU.Build.0 = Debug|Any CPU
		{03A0EC23-3DFB-450E-A5CA-CD0E400BABDD}.Release|Any CPU.ActiveCfg = Release|Any CPU
		{03A0EC23-3DFB-450E-A5CA-CD0E400BABDD}.Release|Any CPU.Build.0 = Release|Any CPU
		{9523C3D1-4343-4062-B447-0AC313F87346}.Debug|Any CPU.ActiveCfg = Debug|Any CPU
		{9523C3D1-4343-4062-B447-0AC313F87346}.Debug|Any CPU.Build.0 = Debug|Any CPU
		{9523C3D1-4343-4062-B447-0AC313F87346}.Release|Any CPU.ActiveCfg = Release|Any CPU
		{9523C3D1-4343-4062-B447-0AC313F87346}.Release|Any CPU.Build.0 = Release|Any CPU
	EndGlobalSection
	GlobalSection(SolutionProperties) = preSolution
		HideSolutionNode = FALSE
	EndGlobalSection
EndGlobal
